<?xml version="1.0" encoding="utf-8"?>
<Project ToolsVersion="4.0" xmlns="http://schemas.microsoft.com/developer/msbuild/2003">
  <ItemGroup>
    <Filter Include="Source Files">
      <UniqueIdentifier>{4FC737F1-C7A5-4376-A066-2A32D752A2FF}</UniqueIdentifier>
      <Extensions>cpp;c;cc;cxx;def;odl;idl;hpj;bat;asm;asmx</Extensions>
    </Filter>
    <Filter Include="Header Files">
      <UniqueIdentifier>{93995380-89BD-4b04-88EB-625FBE52EBFB}</UniqueIdentifier>
      <Extensions>h;hh;hpp;hxx;hm;inl;inc;xsd</Extensions>
    </Filter>
    <Filter Include="Resource Files">
      <UniqueIdentifier>{67DA6AB6-F800-4c08-8B7A-83BB121AAD01}</UniqueIdentifier>
      <Extensions>rc;ico;cur;bmp;dlg;rc2;rct;bin;rgs;gif;jpg;jpeg;jpe;resx;tiff;tif;png;wav;mfcribbon-ms</Extensions>
    </Filter>
    <Filter Include="Shaders">
      <UniqueIdentifier>{7ac0a1fc-ce43-4ed5-92cf-e5f9ff2fd26c}</UniqueIdentifier>
    </Filter>
  </ItemGroup>
  <ItemGroup>
    <ClInclude Include="Game.h">
      <Filter>Header Files</Filter>
    </ClInclude>
    <ClInclude Include="GameObject.h">
      <Filter>Header Files</Filter>
    </ClInclude>
    <ClInclude Include="Mesh.h">
      <Filter>Header Files</Filter>
    </ClInclude>
    <ClInclude Include="ShaderProgram.h">
      <Filter>Header Files</Filter>
    </ClInclude>
    <ClInclude Include="Texture.h">
      <Filter>Header Files</Filter>
    </ClInclude>
    <ClInclude Include="Timer.h">
      <Filter>Header Files</Filter>
    </ClInclude>
    <ClInclude Include="InputManager.h">
      <Filter>Header Files</Filter>
    </ClInclude>
    <ClInclude Include="Light.h">
      <Filter>Header Files</Filter>
    </ClInclude>
    <ClInclude Include="Utilities.h">
      <Filter>Header Files</Filter>
    </ClInclude>
    <ClInclude Include="Material.h">
      <Filter>Header Files</Filter>
    </ClInclude>
    <ClInclude Include="PerlinNoise.h">
      <Filter>Header Files</Filter>
    </ClInclude>
  </ItemGroup>
  <ItemGroup>
    <ClCompile Include="Game.cpp">
      <Filter>Source Files</Filter>
    </ClCompile>
    <ClCompile Include="GameObject.cpp">
      <Filter>Source Files</Filter>
    </ClCompile>
    <ClCompile Include="main.cpp">
      <Filter>Source Files</Filter>
    </ClCompile>
    <ClCompile Include="Mesh.cpp">
      <Filter>Source Files</Filter>
    </ClCompile>
    <ClCompile Include="ShaderProgram.cpp">
      <Filter>Source Files</Filter>
    </ClCompile>
    <ClCompile Include="Texture.cpp">
      <Filter>Source Files</Filter>
    </ClCompile>
    <ClCompile Include="Timer.cpp">
      <Filter>Source Files</Filter>
    </ClCompile>
    <ClCompile Include="Light.cpp">
      <Filter>Source Files</Filter>
    </ClCompile>
    <ClCompile Include="InputManager.cpp">
      <Filter>Source Files</Filter>
    </ClCompile>
    <ClCompile Include="Utilities.cpp">
      <Filter>Source Files</Filter>
    </ClCompile>
    <ClCompile Include="Material.cpp">
      <Filter>Source Files</Filter>
    </ClCompile>
    <ClCompile Include="PerlinNoise.cpp">
      <Filter>Source Files</Filter>
    </ClCompile>
  </ItemGroup>
  <ItemGroup>
    <None Include="shaders\Passthrough.frag">
      <Filter>Shaders</Filter>
    </None>
    <None Include="shaders\Phong.frag">
      <Filter>Shaders</Filter>
    </None>
    <None Include="shaders\PhongNoTexture.frag">
      <Filter>Shaders</Filter>
    </None>
    <None Include="shaders\Passthrough.vert">
      <Filter>Shaders</Filter>
    </None>
    <None Include="shaders\Phong.vert">
      <Filter>Shaders</Filter>
    </None>
    <None Include="shaders\UVMap.frag">
      <Filter>Shaders</Filter>
    </None>
    <None Include="shaders\UVMap.vert">
      <Filter>Shaders</Filter>
    </None>
    <None Include="Utilities.tpp">
      <Filter>Source Files</Filter>
    </None>
    <None Include="shaders\Perlin.frag">
      <Filter>Shaders</Filter>
    </None>
    <None Include="shaders\Perlin.vert">
      <Filter>Shaders</Filter>
    </None>
  </ItemGroup>
</Project>